{
  "name": "figma-proportional-scale",
  "lockfileVersion": 2,
  "requires": true,
  "packages": {
    "": {
      "devDependencies": {
        "@figma/plugin-typings": "^1.28.0"
      }
    },
    "node_modules/@figma/plugin-typings": {
      "version": "1.28.0",
      "resolved": "https://a0us.jfrog.io/a0us/api/npm/npm/@figma/plugin-typings/-/plugin-typings-1.28.0.tgz",
      "integrity": "sha1-CXzvCbAtRBIqe0QFzhgfVH90rJg=",
      "dev": true,
      "license": "MIT License"
    }
  },
  "dependencies": {
    "@figma/plugin-typings": {
      "version": "1.28.0",
      "resolved": "https://a0us.jfrog.io/a0us/api/npm/npm/@figma/plugin-typings/-/plugin-typings-1.28.0.tgz",
      "integrity": "sha1-CXzvCbAtRBIqe0QFzhgfVH90rJg=",
      "dev": true
    }
  }
}
