{
  "name": "figma-proportional-scale",
  "lockfileVersion": 2,
  "requires": true,
  "packages": {
    "": {
      "dependencies": {
        "figma-plugin-ds": "^1.0.1"
      },
      "devDependencies": {
        "@figma/plugin-typings": "^1.28.0"
      }
    },
    "node_modules/@figma/plugin-typings": {
      "version": "1.28.0",
      "resolved": "https://a0us.jfrog.io/a0us/api/npm/npm/@figma/plugin-typings/-/plugin-typings-1.28.0.tgz",
      "integrity": "sha1-CXzvCbAtRBIqe0QFzhgfVH90rJg=",
      "dev": true,
      "license": "MIT License"
    },
    "node_modules/figma-plugin-ds": {
      "version": "1.0.1",
      "resolved": "https://registry.npmjs.org/figma-plugin-ds/-/figma-plugin-ds-1.0.1.tgz",
      "integrity": "sha512-j1/mcHeYx8IRzdLbNyqo9PQXqtI3ujN/RfjuXFS7OintJojuXG2GuaL8COzqAH66ZPXx4aFHMkqRjbBaudBCpA=="
    }
  },
  "dependencies": {
    "@figma/plugin-typings": {
      "version": "1.28.0",
      "resolved": "https://a0us.jfrog.io/a0us/api/npm/npm/@figma/plugin-typings/-/plugin-typings-1.28.0.tgz",
      "integrity": "sha1-CXzvCbAtRBIqe0QFzhgfVH90rJg=",
      "dev": true
    },
    "figma-plugin-ds": {
      "version": "1.0.1",
      "resolved": "https://registry.npmjs.org/figma-plugin-ds/-/figma-plugin-ds-1.0.1.tgz",
      "integrity": "sha512-j1/mcHeYx8IRzdLbNyqo9PQXqtI3ujN/RfjuXFS7OintJojuXG2GuaL8COzqAH66ZPXx4aFHMkqRjbBaudBCpA=="
    }
  }
}
